
Microsoft Visual Studio Solution File, Format Version 12.00
# Visual Studio 15
VisualStudioVersion = 15.0.27428.2002
MinimumVisualStudioVersion = 10.0.40219.1
Project("{FAE04EC0-301F-11D3-BF4B-00C04F79EFBC}") = "WPF CalculatorDinner", "WPF CalculatorDinner\WPF CalculatorDinner.csproj", "{686E42C6-9D2E-4A72-9689-E9EB79CFE058}"
EndProject
Global
	GlobalSection(SolutionConfigurationPlatforms) = preSolution
		Debug|Any CPU = Debug|Any CPU
		Release|Any CPU = Release|Any CPU
	EndGlobalSection
	GlobalSection(ProjectConfigurationPlatforms) = postSolution
		{686E42C6-9D2E-4A72-9689-E9EB79CFE058}.Debug|Any CPU.ActiveCfg = Debug|Any CPU
		{686E42C6-9D2E-4A72-9689-E9EB79CFE058}.Debug|Any CPU.Build.0 = Debug|Any CPU
		{686E42C6-9D2E-4A72-9689-E9EB79CFE058}.Release|Any CPU.ActiveCfg = Release|Any CPU
		{686E42C6-9D2E-4A72-9689-E9EB79CFE058}.Release|Any CPU.Build.0 = Release|Any CPU
	EndGlobalSection
	GlobalSection(SolutionProperties) = preSolution
		HideSolutionNode = FALSE
	EndGlobalSection
	GlobalSection(ExtensibilityGlobals) = postSolution
		SolutionGuid = {3E6FFA39-A2B4-409E-AAF5-8C8C01EB82AE}
	EndGlobalSection
EndGlobal
